
Microsoft Visual Studio Solution File, Format Version 12.00
# Visual Studio Version 17
VisualStudioVersion = 17.11.35219.272
MinimumVisualStudioVersion = 10.0.40219.1
Project("{9A19103F-16F7-4668-BE54-9A1E7A4F7556}") = "DragDropTest", "DragDropTest\DragDropTest.csproj", "{94F85454-8B8B-4CE8-AA7E-4C9A260174D7}"
EndProject
Global
	GlobalSection(SolutionConfigurationPlatforms) = preSolution
		Debug|Any CPU = Debug|Any CPU
		Release|Any CPU = Release|Any CPU
	EndGlobalSection
	GlobalSection(ProjectConfigurationPlatforms) = postSolution
		{94F85454-8B8B-4CE8-AA7E-4C9A260174D7}.Debug|Any CPU.ActiveCfg = Debug|Any CPU
		{94F85454-8B8B-4CE8-AA7E-4C9A260174D7}.Debug|Any CPU.Build.0 = Debug|Any CPU
		{94F85454-8B8B-4CE8-AA7E-4C9A260174D7}.Release|Any CPU.ActiveCfg = Release|Any CPU
		{94F85454-8B8B-4CE8-AA7E-4C9A260174D7}.Release|Any CPU.Build.0 = Release|Any CPU
	EndGlobalSection
	GlobalSection(SolutionProperties) = preSolution
		HideSolutionNode = FALSE
	EndGlobalSection
	GlobalSection(ExtensibilityGlobals) = postSolution
		SolutionGuid = {A9C430BB-E12D-4635-8EF0-20B26BAC8E4F}
	EndGlobalSection
EndGlobal
